
Microsoft Visual Studio Solution File, Format Version 12.00
# Visual Studio 14
VisualStudioVersion = 14.0.25420.1
MinimumVisualStudioVersion = 10.0.40219.1
Project("{FAE04EC0-301F-11D3-BF4B-00C04F79EFBC}") = "Homework_4_3", "Homework_4_3\Homework_4_3.csproj", "{B00D2CBF-B0D0-45F1-99C1-A5F406BDACEE}"
EndProject
Global
	GlobalSection(SolutionConfigurationPlatforms) = preSolution
		Debug|Any CPU = Debug|Any CPU
		Release|Any CPU = Release|Any CPU
	EndGlobalSection
	GlobalSection(ProjectConfigurationPlatforms) = postSolution
		{B00D2CBF-B0D0-45F1-99C1-A5F406BDACEE}.Debug|Any CPU.ActiveCfg = Debug|Any CPU
		{B00D2CBF-B0D0-45F1-99C1-A5F406BDACEE}.Debug|Any CPU.Build.0 = Debug|Any CPU
		{B00D2CBF-B0D0-45F1-99C1-A5F406BDACEE}.Release|Any CPU.ActiveCfg = Release|Any CPU
		{B00D2CBF-B0D0-45F1-99C1-A5F406BDACEE}.Release|Any CPU.Build.0 = Release|Any CPU
	EndGlobalSection
	GlobalSection(SolutionProperties) = preSolution
		HideSolutionNode = FALSE
	EndGlobalSection
EndGlobal
